
Microsoft Visual Studio Solution File, Format Version 12.00
# Visual Studio Version 17
VisualStudioVersion = 17.10.34916.146
MinimumVisualStudioVersion = 10.0.40219.1
Project("{FAE04EC0-301F-11D3-BF4B-00C04F79EFBC}") = "PlaywrightCodegen", "PlaywrightCodegen\PlaywrightCodegen.csproj", "{82381B83-3C73-4091-BE68-1CCE517660BC}"
EndProject
Global
	GlobalSection(SolutionConfigurationPlatforms) = preSolution
		Debug|Any CPU = Debug|Any CPU
		Release|Any CPU = Release|Any CPU
	EndGlobalSection
	GlobalSection(ProjectConfigurationPlatforms) = postSolution
		{82381B83-3C73-4091-BE68-1CCE517660BC}.Debug|Any CPU.ActiveCfg = Debug|Any CPU
		{82381B83-3C73-4091-BE68-1CCE517660BC}.Debug|Any CPU.Build.0 = Debug|Any CPU
		{82381B83-3C73-4091-BE68-1CCE517660BC}.Release|Any CPU.ActiveCfg = Release|Any CPU
		{82381B83-3C73-4091-BE68-1CCE517660BC}.Release|Any CPU.Build.0 = Release|Any CPU
	EndGlobalSection
	GlobalSection(SolutionProperties) = preSolution
		HideSolutionNode = FALSE
	EndGlobalSection
	GlobalSection(ExtensibilityGlobals) = postSolution
		SolutionGuid = {5D89D2EB-5EB5-4134-B35C-AE923A333C72}
	EndGlobalSection
EndGlobal
